// !$*UTF8*$!
{
	archiveVersion = 1;
	classes = {
	};
	objectVersion = 46;
	objects = {

/* Begin PBXBuildFile section */
		565AD00C11990D7600DF867A /* Frustum.cpp in Sources */ = {isa = PBXBuildFile; fileRef = 565ACFF111990D7600DF867A /* Frustum.cpp */; };
		565AD00D11990D7600DF867A /* GameDraw.cpp in Sources */ = {isa = PBXBuildFile; fileRef = 565ACFF211990D7600DF867A /* GameDraw.cpp */; };
		565AD00E11990D7600DF867A /* GameInitDispose.cpp in Sources */ = {isa = PBXBuildFile; fileRef = 565ACFF311990D7600DF867A /* GameInitDispose.cpp */; };
		565AD00F11990D7600DF867A /* GameTick.cpp in Sources */ = {isa = PBXBuildFile; fileRef = 565ACFF411990D7600DF867A /* GameTick.cpp */; };
		565AD01011990D7600DF867A /* Globals.cpp in Sources */ = {isa = PBXBuildFile; fileRef = 565ACFF511990D7600DF867A /* Globals.cpp */; };
		565AD01111990D7600DF867A /* Lights.cpp in Sources */ = {isa = PBXBuildFile; fileRef = 565ACFF611990D7600DF867A /* Lights.cpp */; };
		565AD01211990D7600DF867A /* MacCompatibility.cpp in Sources */ = {isa = PBXBuildFile; fileRef = 565ACFF711990D7600DF867A /* MacCompatibility.cpp */; };
		565AD01311990D7600DF867A /* Models.cpp in Sources */ = {isa = PBXBuildFile; fileRef = 565ACFF811990D7600DF867A /* Models.cpp */; };
		565AD01411990D7600DF867A /* Objects.cpp in Sources */ = {isa = PBXBuildFile; fileRef = 565ACFF911990D7600DF867A /* Objects.cpp */; };
		565AD01511990D7600DF867A /* openal_wrapper.cpp in Sources */ = {isa = PBXBuildFile; fileRef = 565ACFFA11990D7600DF867A /* openal_wrapper.cpp */; };
		565AD01611990D7600DF867A /* OpenGL_Windows.cpp in Sources */ = {isa = PBXBuildFile; fileRef = 565ACFFB11990D7600DF867A /* OpenGL_Windows.cpp */; };
		565AD01711990D7600DF867A /* pack_private.c in Sources */ = {isa = PBXBuildFile; fileRef = 565ACFFC11990D7600DF867A /* pack_private.c */; };
		565AD01811990D7600DF867A /* pack.c in Sources */ = {isa = PBXBuildFile; fileRef = 565ACFFD11990D7600DF867A /* pack.c */; };
		565AD01911990D7600DF867A /* Person.cpp in Sources */ = {isa = PBXBuildFile; fileRef = 565ACFFE11990D7600DF867A /* Person.cpp */; };
		565AD01A11990D7600DF867A /* private.c in Sources */ = {isa = PBXBuildFile; fileRef = 565ACFFF11990D7600DF867A /* private.c */; };
		565AD01B11990D7600DF867A /* Quaternions.cpp in Sources */ = {isa = PBXBuildFile; fileRef = 565AD00011990D7600DF867A /* Quaternions.cpp */; };
		565AD01C11990D7600DF867A /* Random.c in Sources */ = {isa = PBXBuildFile; fileRef = 565AD00111990D7600DF867A /* Random.c */; };
		565AD01D11990D7600DF867A /* Skeleton.cpp in Sources */ = {isa = PBXBuildFile; fileRef = 565AD00211990D7600DF867A /* Skeleton.cpp */; };
		565AD01E11990D7600DF867A /* Skybox.cpp in Sources */ = {isa = PBXBuildFile; fileRef = 565AD00311990D7600DF867A /* Skybox.cpp */; };
		565AD01F11990D7600DF867A /* Sprites.cpp in Sources */ = {isa = PBXBuildFile; fileRef = 565AD00411990D7600DF867A /* Sprites.cpp */; };
		565AD02011990D7600DF867A /* Terrain.cpp in Sources */ = {isa = PBXBuildFile; fileRef = 565AD00511990D7600DF867A /* Terrain.cpp */; };
		565AD02111990D7600DF867A /* Text.cpp in Sources */ = {isa = PBXBuildFile; fileRef = 565AD00611990D7600DF867A /* Text.cpp */; };
		565AD02211990D7600DF867A /* TGALoader.cpp in Sources */ = {isa = PBXBuildFile; fileRef = 565AD00711990D7600DF867A /* TGALoader.cpp */; };
		565AD02311990D7600DF867A /* unpack_private.c in Sources */ = {isa = PBXBuildFile; fileRef = 565AD00811990D7600DF867A /* unpack_private.c */; };
		565AD02411990D7600DF867A /* unpack.c in Sources */ = {isa = PBXBuildFile; fileRef = 565AD00911990D7600DF867A /* unpack.c */; };
		565AD02511990D7600DF867A /* Weapons.cpp in Sources */ = {isa = PBXBuildFile; fileRef = 565AD00A11990D7600DF867A /* Weapons.cpp */; };
		565AD02611990D7600DF867A /* WinInput.cpp in Sources */ = {isa = PBXBuildFile; fileRef = 565AD00B11990D7600DF867A /* WinInput.cpp */; };
		565AD04A11990E2A00DF867A /* analysis.c in Sources */ = {isa = PBXBuildFile; fileRef = 565AD03611990E2A00DF867A /* analysis.c */; };
		565AD04B11990E2A00DF867A /* bitrate.c in Sources */ = {isa = PBXBuildFile; fileRef = 565AD03711990E2A00DF867A /* bitrate.c */; };
		565AD04C11990E2A00DF867A /* block.c in Sources */ = {isa = PBXBuildFile; fileRef = 565AD03811990E2A00DF867A /* block.c */; };
		565AD04D11990E2A00DF867A /* codebook.c in Sources */ = {isa = PBXBuildFile; fileRef = 565AD03911990E2A00DF867A /* codebook.c */; };
		565AD04E11990E2A00DF867A /* envelope.c in Sources */ = {isa = PBXBuildFile; fileRef = 565AD03A11990E2A00DF867A /* envelope.c */; };
		565AD04F11990E2A00DF867A /* floor0.c in Sources */ = {isa = PBXBuildFile; fileRef = 565AD03B11990E2A00DF867A /* floor0.c */; };
		565AD05011990E2A00DF867A /* floor1.c in Sources */ = {isa = PBXBuildFile; fileRef = 565AD03C11990E2A00DF867A /* floor1.c */; };
		565AD05111990E2A00DF867A /* info.c in Sources */ = {isa = PBXBuildFile; fileRef = 565AD03D11990E2A00DF867A /* info.c */; };
		565AD05211990E2A00DF867A /* lpc.c in Sources */ = {isa = PBXBuildFile; fileRef = 565AD03E11990E2A00DF867A /* lpc.c */; };
		565AD05311990E2A00DF867A /* lsp.c in Sources */ = {isa = PBXBuildFile; fileRef = 565AD03F11990E2A00DF867A /* lsp.c */; };
		565AD05411990E2A00DF867A /* mapping0.c in Sources */ = {isa = PBXBuildFile; fileRef = 565AD04011990E2A00DF867A /* mapping0.c */; };
		565AD05511990E2A00DF867A /* mdct.c in Sources */ = {isa = PBXBuildFile; fileRef = 565AD04111990E2A00DF867A /* mdct.c */; };
		565AD05611990E2A00DF867A /* psy.c in Sources */ = {isa = PBXBuildFile; fileRef = 565AD04211990E2A00DF867A /* psy.c */; };
		565AD05711990E2A00DF867A /* registry.c in Sources */ = {isa = PBXBuildFile; fileRef = 565AD04311990E2A00DF867A /* registry.c */; };
		565AD05811990E2A00DF867A /* res0.c in Sources */ = {isa = PBXBuildFile; fileRef = 565AD04411990E2A00DF867A /* res0.c */; };
		565AD05911990E2A00DF867A /* sharedbook.c in Sources */ = {isa = PBXBuildFile; fileRef = 565AD04511990E2A00DF867A /* sharedbook.c */; };
		565AD05A11990E2A00DF867A /* smallft.c in Sources */ = {isa = PBXBuildFile; fileRef = 565AD04611990E2A00DF867A /* smallft.c */; };
		565AD05B11990E2A00DF867A /* synthesis.c in Sources */ = {isa = PBXBuildFile; fileRef = 565AD04711990E2A00DF867A /* synthesis.c */; };
		565AD05C11990E2A00DF867A /* vorbisfile.c in Sources */ = {isa = PBXBuildFile; fileRef = 565AD04811990E2A00DF867A /* vorbisfile.c */; };
		565AD05D11990E2A00DF867A /* window.c in Sources */ = {isa = PBXBuildFile; fileRef = 565AD04911990E2A00DF867A /* window.c */; };
		565AD06011990E3C00DF867A /* bitwise.c in Sources */ = {isa = PBXBuildFile; fileRef = 565AD05E11990E3C00DF867A /* bitwise.c */; };
		565AD06111990E3C00DF867A /* framing.c in Sources */ = {isa = PBXBuildFile; fileRef = 565AD05F11990E3C00DF867A /* framing.c */; };
		565AD06E11990E7600DF867A /* dict.c in Sources */ = {isa = PBXBuildFile; fileRef = 565AD06211990E7600DF867A /* dict.c */; };
		565AD06F11990E7600DF867A /* geom.c in Sources */ = {isa = PBXBuildFile; fileRef = 565AD06311990E7600DF867A /* geom.c */; };
		565AD07011990E7600DF867A /* memalloc.c in Sources */ = {isa = PBXBuildFile; fileRef = 565AD06411990E7600DF867A /* memalloc.c */; };
		565AD07111990E7600DF867A /* mesh.c in Sources */ = {isa = PBXBuildFile; fileRef = 565AD06511990E7600DF867A /* mesh.c */; };
		565AD07211990E7600DF867A /* mipmap.c in Sources */ = {isa = PBXBuildFile; fileRef = 565AD06611990E7600DF867A /* mipmap.c */; };
		565AD07311990E7600DF867A /* normal.c in Sources */ = {isa = PBXBuildFile; fileRef = 565AD06711990E7600DF867A /* normal.c */; };
		565AD07411990E7600DF867A /* priorityq.c in Sources */ = {isa = PBXBuildFile; fileRef = 565AD06811990E7600DF867A /* priorityq.c */; };
		565AD07511990E7600DF867A /* render.c in Sources */ = {isa = PBXBuildFile; fileRef = 565AD06911990E7600DF867A /* render.c */; };
		565AD07611990E7600DF867A /* sweep.c in Sources */ = {isa = PBXBuildFile; fileRef = 565AD06A11990E7600DF867A /* sweep.c */; };
		565AD07711990E7600DF867A /* tess.c in Sources */ = {isa = PBXBuildFile; fileRef = 565AD06B11990E7600DF867A /* tess.c */; };
		565AD07811990E7600DF867A /* tessmono.c in Sources */ = {isa = PBXBuildFile; fileRef = 565AD06C11990E7600DF867A /* tessmono.c */; };
		565AD07911990E7600DF867A /* util.c in Sources */ = {isa = PBXBuildFile; fileRef = 565AD06D11990E7600DF867A /* util.c */; };
		565AD0A71199133D00DF867A /* jcapimin.c in Sources */ = {isa = PBXBuildFile; fileRef = 565AD07A1199133D00DF867A /* jcapimin.c */; };
		565AD0A81199133D00DF867A /* jcapistd.c in Sources */ = {isa = PBXBuildFile; fileRef = 565AD07B1199133D00DF867A /* jcapistd.c */; };
		565AD0A91199133D00DF867A /* jccoefct.c in Sources */ = {isa = PBXBuildFile; fileRef = 565AD07C1199133D00DF867A /* jccoefct.c */; };
		565AD0AA1199133D00DF867A /* jccolor.c in Sources */ = {isa = PBXBuildFile; fileRef = 565AD07D1199133D00DF867A /* jccolor.c */; };
		565AD0AB1199133D00DF867A /* jcdctmgr.c in Sources */ = {isa = PBXBuildFile; fileRef = 565AD07E1199133D00DF867A /* jcdctmgr.c */; };
		565AD0AC1199133D00DF867A /* jchuff.c in Sources */ = {isa = PBXBuildFile; fileRef = 565AD07F1199133D00DF867A /* jchuff.c */; };
		565AD0AD1199133D00DF867A /* jcinit.c in Sources */ = {isa = PBXBuildFile; fileRef = 565AD0801199133D00DF867A /* jcinit.c */; };
		565AD0AE1199133D00DF867A /* jcmainct.c in Sources */ = {isa = PBXBuildFile; fileRef = 565AD0811199133D00DF867A /* jcmainct.c */; };
		565AD0AF1199133D00DF867A /* jcmarker.c in Sources */ = {isa = PBXBuildFile; fileRef = 565AD0821199133D00DF867A /* jcmarker.c */; };
		565AD0B01199133D00DF867A /* jcmaster.c in Sources */ = {isa = PBXBuildFile; fileRef = 565AD0831199133D00DF867A /* jcmaster.c */; };
		565AD0B11199133D00DF867A /* jcomapi.c in Sources */ = {isa = PBXBuildFile; fileRef = 565AD0841199133D00DF867A /* jcomapi.c */; };
		565AD0B21199133D00DF867A /* jcparam.c in Sources */ = {isa = PBXBuildFile; fileRef = 565AD0851199133D00DF867A /* jcparam.c */; };
		565AD0B41199133D00DF867A /* jcprepct.c in Sources */ = {isa = PBXBuildFile; fileRef = 565AD0871199133D00DF867A /* jcprepct.c */; };
		565AD0B51199133D00DF867A /* jcsample.c in Sources */ = {isa = PBXBuildFile; fileRef = 565AD0881199133D00DF867A /* jcsample.c */; };
		565AD0B61199133D00DF867A /* jdapimin.c in Sources */ = {isa = PBXBuildFile; fileRef = 565AD0891199133D00DF867A /* jdapimin.c */; };
		565AD0B71199133D00DF867A /* jdapistd.c in Sources */ = {isa = PBXBuildFile; fileRef = 565AD08A1199133D00DF867A /* jdapistd.c */; };
		565AD0B81199133D00DF867A /* jdatadst.c in Sources */ = {isa = PBXBuildFile; fileRef = 565AD08B1199133D00DF867A /* jdatadst.c */; };
		565AD0B91199133D00DF867A /* jdatasrc.c in Sources */ = {isa = PBXBuildFile; fileRef = 565AD08C1199133D00DF867A /* jdatasrc.c */; };
		565AD0BA1199133D00DF867A /* jdcoefct.c in Sources */ = {isa = PBXBuildFile; fileRef = 565AD08D1199133D00DF867A /* jdcoefct.c */; };
		565AD0BB1199133D00DF867A /* jdcolor.c in Sources */ = {isa = PBXBuildFile; fileRef = 565AD08E1199133D00DF867A /* jdcolor.c */; };
		565AD0BC1199133D00DF867A /* jddctmgr.c in Sources */ = {isa = PBXBuildFile; fileRef = 565AD08F1199133D00DF867A /* jddctmgr.c */; };
		565AD0BD1199133D00DF867A /* jdhuff.c in Sources */ = {isa = PBXBuildFile; fileRef = 565AD0901199133D00DF867A /* jdhuff.c */; };
		565AD0BE1199133D00DF867A /* jdinput.c in Sources */ = {isa = PBXBuildFile; fileRef = 565AD0911199133D00DF867A /* jdinput.c */; };
		565AD0BF1199133D00DF867A /* jdmainct.c in Sources */ = {isa = PBXBuildFile; fileRef = 565AD0921199133D00DF867A /* jdmainct.c */; };
		565AD0C01199133D00DF867A /* jdmarker.c in Sources */ = {isa = PBXBuildFile; fileRef = 565AD0931199133D00DF867A /* jdmarker.c */; };
		565AD0C11199133D00DF867A /* jdmaster.c in Sources */ = {isa = PBXBuildFile; fileRef = 565AD0941199133D00DF867A /* jdmaster.c */; };
		565AD0C21199133D00DF867A /* jdmerge.c in Sources */ = {isa = PBXBuildFile; fileRef = 565AD0951199133D00DF867A /* jdmerge.c */; };
		565AD0C41199133D00DF867A /* jdpostct.c in Sources */ = {isa = PBXBuildFile; fileRef = 565AD0971199133D00DF867A /* jdpostct.c */; };
		565AD0C51199133D00DF867A /* jdsample.c in Sources */ = {isa = PBXBuildFile; fileRef = 565AD0981199133D00DF867A /* jdsample.c */; };
		565AD0C61199133D00DF867A /* jdtrans.c in Sources */ = {isa = PBXBuildFile; fileRef = 565AD0991199133D00DF867A /* jdtrans.c */; };
		565AD0C71199133D00DF867A /* jerror.c in Sources */ = {isa = PBXBuildFile; fileRef = 565AD09A1199133D00DF867A /* jerror.c */; };
		565AD0C81199133D00DF867A /* jfdctflt.c in Sources */ = {isa = PBXBuildFile; fileRef = 565AD09B1199133D00DF867A /* jfdctflt.c */; };
		565AD0C91199133D00DF867A /* jfdctfst.c in Sources */ = {isa = PBXBuildFile; fileRef = 565AD09C1199133D00DF867A /* jfdctfst.c */; };
		565AD0CA1199133D00DF867A /* jfdctint.c in Sources */ = {isa = PBXBuildFile; fileRef = 565AD09D1199133D00DF867A /* jfdctint.c */; };
		565AD0CB1199133D00DF867A /* jidctflt.c in Sources */ = {isa = PBXBuildFile; fileRef = 565AD09E1199133D00DF867A /* jidctflt.c */; };
		565AD0CC1199133D00DF867A /* jidctfst.c in Sources */ = {isa = PBXBuildFile; fileRef = 565AD09F1199133D00DF867A /* jidctfst.c */; };
		565AD0CD1199133D00DF867A /* jidctint.c in Sources */ = {isa = PBXBuildFile; fileRef = 565AD0A01199133D00DF867A /* jidctint.c */; };
		565AD0CF1199133D00DF867A /* jmemmgr.c in Sources */ = {isa = PBXBuildFile; fileRef = 565AD0A21199133D00DF867A /* jmemmgr.c */; };
		565AD0D01199133D00DF867A /* jmemnobs.c in Sources */ = {isa = PBXBuildFile; fileRef = 565AD0A31199133D00DF867A /* jmemnobs.c */; };
		565AD0D11199133D00DF867A /* jquant1.c in Sources */ = {isa = PBXBuildFile; fileRef = 565AD0A41199133D00DF867A /* jquant1.c */; };
		565AD0D21199133D00DF867A /* jquant2.c in Sources */ = {isa = PBXBuildFile; fileRef = 565AD0A51199133D00DF867A /* jquant2.c */; };
		565AD0D31199133D00DF867A /* jutils.c in Sources */ = {isa = PBXBuildFile; fileRef = 565AD0A61199133D00DF867A /* jutils.c */; };
		565AD0E01199137000DF867A /* adler32.c in Sources */ = {isa = PBXBuildFile; fileRef = 565AD0D41199137000DF867A /* adler32.c */; };
		565AD0E11199137000DF867A /* compress.c in Sources */ = {isa = PBXBuildFile; fileRef = 565AD0D51199137000DF867A /* compress.c */; };
		565AD0E21199137000DF867A /* crc32.c in Sources */ = {isa = PBXBuildFile; fileRef = 565AD0D61199137000DF867A /* crc32.c */; };
		565AD0E31199137000DF867A /* deflate.c in Sources */ = {isa = PBXBuildFile; fileRef = 565AD0D71199137000DF867A /* deflate.c */; };
		565AD0E51199137000DF867A /* infback.c in Sources */ = {isa = PBXBuildFile; fileRef = 565AD0D91199137000DF867A /* infback.c */; };
		565AD0E61199137000DF867A /* inffast.c in Sources */ = {isa = PBXBuildFile; fileRef = 565AD0DA1199137000DF867A /* inffast.c */; };
		565AD0E71199137000DF867A /* inflate.c in Sources */ = {isa = PBXBuildFile; fileRef = 565AD0DB1199137000DF867A /* inflate.c */; };
		565AD0E81199137000DF867A /* inftrees.c in Sources */ = {isa = PBXBuildFile; fileRef = 565AD0DC1199137000DF867A /* inftrees.c */; };
		565AD0E91199137000DF867A /* trees.c in Sources */ = {isa = PBXBuildFile; fileRef = 565AD0DD1199137000DF867A /* trees.c */; };
		565AD0EA1199137000DF867A /* uncompr.c in Sources */ = {isa = PBXBuildFile; fileRef = 565AD0DE1199137000DF867A /* uncompr.c */; };
		565AD0EB1199137000DF867A /* zutil.c in Sources */ = {isa = PBXBuildFile; fileRef = 565AD0DF1199137000DF867A /* zutil.c */; };
		565AD0FD1199140000DF867A /* png.c in Sources */ = {isa = PBXBuildFile; fileRef = 565AD0EC1199140000DF867A /* png.c */; };
		565AD0FE1199140000DF867A /* pngerror.c in Sources */ = {isa = PBXBuildFile; fileRef = 565AD0ED1199140000DF867A /* pngerror.c */; };
		565AD1001199140000DF867A /* pngget.c in Sources */ = {isa = PBXBuildFile; fileRef = 565AD0EF1199140000DF867A /* pngget.c */; };
		565AD1011199140000DF867A /* pngmem.c in Sources */ = {isa = PBXBuildFile; fileRef = 565AD0F01199140000DF867A /* pngmem.c */; };
		565AD1021199140000DF867A /* pngpread.c in Sources */ = {isa = PBXBuildFile; fileRef = 565AD0F11199140000DF867A /* pngpread.c */; };
		565AD1031199140000DF867A /* pngread.c in Sources */ = {isa = PBXBuildFile; fileRef = 565AD0F21199140000DF867A /* pngread.c */; };
		565AD1041199140000DF867A /* pngrio.c in Sources */ = {isa = PBXBuildFile; fileRef = 565AD0F31199140000DF867A /* pngrio.c */; };
		565AD1051199140000DF867A /* pngrtran.c in Sources */ = {isa = PBXBuildFile; fileRef = 565AD0F41199140000DF867A /* pngrtran.c */; };
		565AD1061199140000DF867A /* pngrutil.c in Sources */ = {isa = PBXBuildFile; fileRef = 565AD0F51199140000DF867A /* pngrutil.c */; };
		565AD1071199140000DF867A /* pngset.c in Sources */ = {isa = PBXBuildFile; fileRef = 565AD0F61199140000DF867A /* pngset.c */; };
		565AD1081199140000DF867A /* pngtrans.c in Sources */ = {isa = PBXBuildFile; fileRef = 565AD0F71199140000DF867A /* pngtrans.c */; };
		565AD10A1199140000DF867A /* pngwio.c in Sources */ = {isa = PBXBuildFile; fileRef = 565AD0F91199140000DF867A /* pngwio.c */; };
		565AD10B1199140000DF867A /* pngwrite.c in Sources */ = {isa = PBXBuildFile; fileRef = 565AD0FA1199140000DF867A /* pngwrite.c */; };
		565AD10C1199140000DF867A /* pngwtran.c in Sources */ = {isa = PBXBuildFile; fileRef = 565AD0FB1199140000DF867A /* pngwtran.c */; };
		565AD10D1199140000DF867A /* pngwutil.c in Sources */ = {isa = PBXBuildFile; fileRef = 565AD0FC1199140000DF867A /* pngwutil.c */; };
		565AD10F1199144400DF867A /* Carbon.framework in Frameworks */ = {isa = PBXBuildFile; fileRef = 565AD10E1199144400DF867A /* Carbon.framework */; };
		565AD1111199144400DF867A /* Cocoa.framework in Frameworks */ = {isa = PBXBuildFile; fileRef = 565AD1101199144400DF867A /* Cocoa.framework */; };
		565AD1131199144400DF867A /* IOKit.framework in Frameworks */ = {isa = PBXBuildFile; fileRef = 565AD1121199144400DF867A /* IOKit.framework */; };
		565AD1151199144400DF867A /* OpenAL.framework in Frameworks */ = {isa = PBXBuildFile; fileRef = 565AD1141199144400DF867A /* OpenAL.framework */; };
		565AD1171199144400DF867A /* OpenGL.framework in Frameworks */ = {isa = PBXBuildFile; fileRef = 565AD1161199144400DF867A /* OpenGL.framework */; };
		565AD1241199145D00DF867A /* CoreFoundation.framework in Frameworks */ = {isa = PBXBuildFile; fileRef = 565AD1231199145D00DF867A /* CoreFoundation.framework */; };
		565AD18E1199303700DF867A /* lugaru.icns in Resources */ = {isa = PBXBuildFile; fileRef = 565AD18D1199303700DF867A /* lugaru.icns */; };
		56A5C952119BAF1B00822AF6 /* libSDL-1.2.0.dylib in Frameworks */ = {isa = PBXBuildFile; fileRef = 56A5C950119BAF1B00822AF6 /* libSDL-1.2.0.dylib */; };
		56A5C953119BAF1B00822AF6 /* libSDLmain-osx.a in Frameworks */ = {isa = PBXBuildFile; fileRef = 56A5C951119BAF1B00822AF6 /* libSDLmain-osx.a */; };
		56A5C960119BB09D00822AF6 /* jaricom.c in Sources */ = {isa = PBXBuildFile; fileRef = 56A5C95D119BB09D00822AF6 /* jaricom.c */; };
		56A5C961119BB09D00822AF6 /* jcarith.c in Sources */ = {isa = PBXBuildFile; fileRef = 56A5C95E119BB09D00822AF6 /* jcarith.c */; };
		56A5C962119BB09D00822AF6 /* jdarith.c in Sources */ = {isa = PBXBuildFile; fileRef = 56A5C95F119BB09D00822AF6 /* jdarith.c */; };
/* End PBXBuildFile section */

/* Begin PBXFileReference section */
		565ACFF111990D7600DF867A /* Frustum.cpp */ = {isa = PBXFileReference; fileEncoding = 4; lastKnownFileType = sourcecode.cpp.cpp; name = Frustum.cpp; path = ../Source/Frustum.cpp; sourceTree = SOURCE_ROOT; };
		565ACFF211990D7600DF867A /* GameDraw.cpp */ = {isa = PBXFileReference; fileEncoding = 4; lastKnownFileType = sourcecode.cpp.cpp; name = GameDraw.cpp; path = ../Source/GameDraw.cpp; sourceTree = SOURCE_ROOT; };
		565ACFF311990D7600DF867A /* GameInitDispose.cpp */ = {isa = PBXFileReference; fileEncoding = 4; lastKnownFileType = sourcecode.cpp.cpp; name = GameInitDispose.cpp; path = ../Source/GameInitDispose.cpp; sourceTree = SOURCE_ROOT; };
		565ACFF411990D7600DF867A /* GameTick.cpp */ = {isa = PBXFileReference; fileEncoding = 4; lastKnownFileType = sourcecode.cpp.cpp; name = GameTick.cpp; path = ../Source/GameTick.cpp; sourceTree = SOURCE_ROOT; };
		565ACFF511990D7600DF867A /* Globals.cpp */ = {isa = PBXFileReference; fileEncoding = 4; lastKnownFileType = sourcecode.cpp.cpp; name = Globals.cpp; path = ../Source/Globals.cpp; sourceTree = SOURCE_ROOT; };
		565ACFF611990D7600DF867A /* Lights.cpp */ = {isa = PBXFileReference; fileEncoding = 4; lastKnownFileType = sourcecode.cpp.cpp; name = Lights.cpp; path = ../Source/Lights.cpp; sourceTree = SOURCE_ROOT; };
		565ACFF711990D7600DF867A /* MacCompatibility.cpp */ = {isa = PBXFileReference; fileEncoding = 4; lastKnownFileType = sourcecode.cpp.cpp; name = MacCompatibility.cpp; path = ../Source/MacCompatibility.cpp; sourceTree = SOURCE_ROOT; };
		565ACFF811990D7600DF867A /* Models.cpp */ = {isa = PBXFileReference; fileEncoding = 4; lastKnownFileType = sourcecode.cpp.cpp; name = Models.cpp; path = ../Source/Models.cpp; sourceTree = SOURCE_ROOT; };
		565ACFF911990D7600DF867A /* Objects.cpp */ = {isa = PBXFileReference; fileEncoding = 4; lastKnownFileType = sourcecode.cpp.cpp; name = Objects.cpp; path = ../Source/Objects.cpp; sourceTree = SOURCE_ROOT; };
		565ACFFA11990D7600DF867A /* openal_wrapper.cpp */ = {isa = PBXFileReference; fileEncoding = 4; lastKnownFileType = sourcecode.cpp.cpp; name = openal_wrapper.cpp; path = ../Source/openal_wrapper.cpp; sourceTree = SOURCE_ROOT; };
		565ACFFB11990D7600DF867A /* OpenGL_Windows.cpp */ = {isa = PBXFileReference; fileEncoding = 4; lastKnownFileType = sourcecode.cpp.cpp; name = OpenGL_Windows.cpp; path = ../Source/OpenGL_Windows.cpp; sourceTree = SOURCE_ROOT; };
		565ACFFC11990D7600DF867A /* pack_private.c */ = {isa = PBXFileReference; fileEncoding = 4; lastKnownFileType = sourcecode.c.c; name = pack_private.c; path = ../Source/pack_private.c; sourceTree = SOURCE_ROOT; };
		565ACFFD11990D7600DF867A /* pack.c */ = {isa = PBXFileReference; fileEncoding = 4; lastKnownFileType = sourcecode.c.c; name = pack.c; path = ../Source/pack.c; sourceTree = SOURCE_ROOT; };
		565ACFFE11990D7600DF867A /* Person.cpp */ = {isa = PBXFileReference; fileEncoding = 4; lastKnownFileType = sourcecode.cpp.cpp; name = Person.cpp; path = ../Source/Person.cpp; sourceTree = SOURCE_ROOT; };
		565ACFFF11990D7600DF867A /* private.c */ = {isa = PBXFileReference; fileEncoding = 4; lastKnownFileType = sourcecode.c.c; name = private.c; path = ../Source/private.c; sourceTree = SOURCE_ROOT; };
		565AD00011990D7600DF867A /* Quaternions.cpp */ = {isa = PBXFileReference; fileEncoding = 4; lastKnownFileType = sourcecode.cpp.cpp; name = Quaternions.cpp; path = ../Source/Quaternions.cpp; sourceTree = SOURCE_ROOT; };
		565AD00111990D7600DF867A /* Random.c */ = {isa = PBXFileReference; fileEncoding = 4; lastKnownFileType = sourcecode.c.c; name = Random.c; path = ../Source/Random.c; sourceTree = SOURCE_ROOT; };
		565AD00211990D7600DF867A /* Skeleton.cpp */ = {isa = PBXFileReference; fileEncoding = 4; lastKnownFileType = sourcecode.cpp.cpp; name = Skeleton.cpp; path = ../Source/Skeleton.cpp; sourceTree = SOURCE_ROOT; };
		565AD00311990D7600DF867A /* Skybox.cpp */ = {isa = PBXFileReference; fileEncoding = 4; lastKnownFileType = sourcecode.cpp.cpp; name = Skybox.cpp; path = ../Source/Skybox.cpp; sourceTree = SOURCE_ROOT; };
		565AD00411990D7600DF867A /* Sprites.cpp */ = {isa = PBXFileReference; fileEncoding = 4; lastKnownFileType = sourcecode.cpp.cpp; name = Sprites.cpp; path = ../Source/Sprites.cpp; sourceTree = SOURCE_ROOT; };
		565AD00511990D7600DF867A /* Terrain.cpp */ = {isa = PBXFileReference; fileEncoding = 4; lastKnownFileType = sourcecode.cpp.cpp; name = Terrain.cpp; path = ../Source/Terrain.cpp; sourceTree = SOURCE_ROOT; };
		565AD00611990D7600DF867A /* Text.cpp */ = {isa = PBXFileReference; fileEncoding = 4; lastKnownFileType = sourcecode.cpp.cpp; name = Text.cpp; path = ../Source/Text.cpp; sourceTree = SOURCE_ROOT; };
		565AD00711990D7600DF867A /* TGALoader.cpp */ = {isa = PBXFileReference; fileEncoding = 4; lastKnownFileType = sourcecode.cpp.cpp; name = TGALoader.cpp; path = ../Source/TGALoader.cpp; sourceTree = SOURCE_ROOT; };
		565AD00811990D7600DF867A /* unpack_private.c */ = {isa = PBXFileReference; fileEncoding = 4; lastKnownFileType = sourcecode.c.c; name = unpack_private.c; path = ../Source/unpack_private.c; sourceTree = SOURCE_ROOT; };
		565AD00911990D7600DF867A /* unpack.c */ = {isa = PBXFileReference; fileEncoding = 4; lastKnownFileType = sourcecode.c.c; name = unpack.c; path = ../Source/unpack.c; sourceTree = SOURCE_ROOT; };
		565AD00A11990D7600DF867A /* Weapons.cpp */ = {isa = PBXFileReference; fileEncoding = 4; lastKnownFileType = sourcecode.cpp.cpp; name = Weapons.cpp; path = ../Source/Weapons.cpp; sourceTree = SOURCE_ROOT; };
		565AD00B11990D7600DF867A /* WinInput.cpp */ = {isa = PBXFileReference; fileEncoding = 4; lastKnownFileType = sourcecode.cpp.cpp; name = WinInput.cpp; path = ../Source/WinInput.cpp; sourceTree = SOURCE_ROOT; };
		565AD03611990E2A00DF867A /* analysis.c */ = {isa = PBXFileReference; fileEncoding = 4; lastKnownFileType = sourcecode.c.c; name = analysis.c; path = ../Dependencies/libvorbis/lib/analysis.c; sourceTree = SOURCE_ROOT; };
		565AD03711990E2A00DF867A /* bitrate.c */ = {isa = PBXFileReference; fileEncoding = 4; lastKnownFileType = sourcecode.c.c; name = bitrate.c; path = ../Dependencies/libvorbis/lib/bitrate.c; sourceTree = SOURCE_ROOT; };
		565AD03811990E2A00DF867A /* block.c */ = {isa = PBXFileReference; fileEncoding = 4; lastKnownFileType = sourcecode.c.c; name = block.c; path = ../Dependencies/libvorbis/lib/block.c; sourceTree = SOURCE_ROOT; };
		565AD03911990E2A00DF867A /* codebook.c */ = {isa = PBXFileReference; fileEncoding = 4; lastKnownFileType = sourcecode.c.c; name = codebook.c; path = ../Dependencies/libvorbis/lib/codebook.c; sourceTree = SOURCE_ROOT; };
		565AD03A11990E2A00DF867A /* envelope.c */ = {isa = PBXFileReference; fileEncoding = 4; lastKnownFileType = sourcecode.c.c; name = envelope.c; path = ../Dependencies/libvorbis/lib/envelope.c; sourceTree = SOURCE_ROOT; };
		565AD03B11990E2A00DF867A /* floor0.c */ = {isa = PBXFileReference; fileEncoding = 4; lastKnownFileType = sourcecode.c.c; name = floor0.c; path = ../Dependencies/libvorbis/lib/floor0.c; sourceTree = SOURCE_ROOT; };
		565AD03C11990E2A00DF867A /* floor1.c */ = {isa = PBXFileReference; fileEncoding = 4; lastKnownFileType = sourcecode.c.c; name = floor1.c; path = ../Dependencies/libvorbis/lib/floor1.c; sourceTree = SOURCE_ROOT; };
		565AD03D11990E2A00DF867A /* info.c */ = {isa = PBXFileReference; fileEncoding = 4; lastKnownFileType = sourcecode.c.c; name = info.c; path = ../Dependencies/libvorbis/lib/info.c; sourceTree = SOURCE_ROOT; };
		565AD03E11990E2A00DF867A /* lpc.c */ = {isa = PBXFileReference; fileEncoding = 4; lastKnownFileType = sourcecode.c.c; name = lpc.c; path = ../Dependencies/libvorbis/lib/lpc.c; sourceTree = SOURCE_ROOT; };
		565AD03F11990E2A00DF867A /* lsp.c */ = {isa = PBXFileReference; fileEncoding = 4; lastKnownFileType = sourcecode.c.c; name = lsp.c; path = ../Dependencies/libvorbis/lib/lsp.c; sourceTree = SOURCE_ROOT; };
		565AD04011990E2A00DF867A /* mapping0.c */ = {isa = PBXFileReference; fileEncoding = 4; lastKnownFileType = sourcecode.c.c; name = mapping0.c; path = ../Dependencies/libvorbis/lib/mapping0.c; sourceTree = SOURCE_ROOT; };
		565AD04111990E2A00DF867A /* mdct.c */ = {isa = PBXFileReference; fileEncoding = 4; lastKnownFileType = sourcecode.c.c; name = mdct.c; path = ../Dependencies/libvorbis/lib/mdct.c; sourceTree = SOURCE_ROOT; };
		565AD04211990E2A00DF867A /* psy.c */ = {isa = PBXFileReference; fileEncoding = 4; lastKnownFileType = sourcecode.c.c; name = psy.c; path = ../Dependencies/libvorbis/lib/psy.c; sourceTree = SOURCE_ROOT; };
		565AD04311990E2A00DF867A /* registry.c */ = {isa = PBXFileReference; fileEncoding = 4; lastKnownFileType = sourcecode.c.c; name = registry.c; path = ../Dependencies/libvorbis/lib/registry.c; sourceTree = SOURCE_ROOT; };
		565AD04411990E2A00DF867A /* res0.c */ = {isa = PBXFileReference; fileEncoding = 4; lastKnownFileType = sourcecode.c.c; name = res0.c; path = ../Dependencies/libvorbis/lib/res0.c; sourceTree = SOURCE_ROOT; };
		565AD04511990E2A00DF867A /* sharedbook.c */ = {isa = PBXFileReference; fileEncoding = 4; lastKnownFileType = sourcecode.c.c; name = sharedbook.c; path = ../Dependencies/libvorbis/lib/sharedbook.c; sourceTree = SOURCE_ROOT; };
		565AD04611990E2A00DF867A /* smallft.c */ = {isa = PBXFileReference; fileEncoding = 4; lastKnownFileType = sourcecode.c.c; name = smallft.c; path = ../Dependencies/libvorbis/lib/smallft.c; sourceTree = SOURCE_ROOT; };
		565AD04711990E2A00DF867A /* synthesis.c */ = {isa = PBXFileReference; fileEncoding = 4; lastKnownFileType = sourcecode.c.c; name = synthesis.c; path = ../Dependencies/libvorbis/lib/synthesis.c; sourceTree = SOURCE_ROOT; };
		565AD04811990E2A00DF867A /* vorbisfile.c */ = {isa = PBXFileReference; fileEncoding = 4; lastKnownFileType = sourcecode.c.c; name = vorbisfile.c; path = ../Dependencies/libvorbis/lib/vorbisfile.c; sourceTree = SOURCE_ROOT; };
		565AD04911990E2A00DF867A /* window.c */ = {isa = PBXFileReference; fileEncoding = 4; lastKnownFileType = sourcecode.c.c; name = window.c; path = ../Dependencies/libvorbis/lib/window.c; sourceTree = SOURCE_ROOT; };
		565AD05E11990E3C00DF867A /* bitwise.c */ = {isa = PBXFileReference; fileEncoding = 4; lastKnownFileType = sourcecode.c.c; name = bitwise.c; path = ../Dependencies/libogg/src/bitwise.c; sourceTree = SOURCE_ROOT; };
		565AD05F11990E3C00DF867A /* framing.c */ = {isa = PBXFileReference; fileEncoding = 4; lastKnownFileType = sourcecode.c.c; name = framing.c; path = ../Dependencies/libogg/src/framing.c; sourceTree = SOURCE_ROOT; };
		565AD06211990E7600DF867A /* dict.c */ = {isa = PBXFileReference; fileEncoding = 4; lastKnownFileType = sourcecode.c.c; name = dict.c; path = ../Dependencies/GLU/dict.c; sourceTree = SOURCE_ROOT; };
		565AD06311990E7600DF867A /* geom.c */ = {isa = PBXFileReference; fileEncoding = 4; lastKnownFileType = sourcecode.c.c; name = geom.c; path = ../Dependencies/GLU/geom.c; sourceTree = SOURCE_ROOT; };
		565AD06411990E7600DF867A /* memalloc.c */ = {isa = PBXFileReference; fileEncoding = 4; lastKnownFileType = sourcecode.c.c; name = memalloc.c; path = ../Dependencies/GLU/memalloc.c; sourceTree = SOURCE_ROOT; };
		565AD06511990E7600DF867A /* mesh.c */ = {isa = PBXFileReference; fileEncoding = 4; lastKnownFileType = sourcecode.c.c; name = mesh.c; path = ../Dependencies/GLU/mesh.c; sourceTree = SOURCE_ROOT; };
		565AD06611990E7600DF867A /* mipmap.c */ = {isa = PBXFileReference; fileEncoding = 4; lastKnownFileType = sourcecode.c.c; name = mipmap.c; path = ../Dependencies/GLU/mipmap.c; sourceTree = SOURCE_ROOT; };
		565AD06711990E7600DF867A /* normal.c */ = {isa = PBXFileReference; fileEncoding = 4; lastKnownFileType = sourcecode.c.c; name = normal.c; path = ../Dependencies/GLU/normal.c; sourceTree = SOURCE_ROOT; };
		565AD06811990E7600DF867A /* priorityq.c */ = {isa = PBXFileReference; fileEncoding = 4; lastKnownFileType = sourcecode.c.c; name = priorityq.c; path = ../Dependencies/GLU/priorityq.c; sourceTree = SOURCE_ROOT; };
		565AD06911990E7600DF867A /* render.c */ = {isa = PBXFileReference; fileEncoding = 4; lastKnownFileType = sourcecode.c.c; name = render.c; path = ../Dependencies/GLU/render.c; sourceTree = SOURCE_ROOT; };
		565AD06A11990E7600DF867A /* sweep.c */ = {isa = PBXFileReference; fileEncoding = 4; lastKnownFileType = sourcecode.c.c; name = sweep.c; path = ../Dependencies/GLU/sweep.c; sourceTree = SOURCE_ROOT; };
		565AD06B11990E7600DF867A /* tess.c */ = {isa = PBXFileReference; fileEncoding = 4; lastKnownFileType = sourcecode.c.c; name = tess.c; path = ../Dependencies/GLU/tess.c; sourceTree = SOURCE_ROOT; };
		565AD06C11990E7600DF867A /* tessmono.c */ = {isa = PBXFileReference; fileEncoding = 4; lastKnownFileType = sourcecode.c.c; name = tessmono.c; path = ../Dependencies/GLU/tessmono.c; sourceTree = SOURCE_ROOT; };
		565AD06D11990E7600DF867A /* util.c */ = {isa = PBXFileReference; fileEncoding = 4; lastKnownFileType = sourcecode.c.c; name = util.c; path = ../Dependencies/GLU/util.c; sourceTree = SOURCE_ROOT; };
		565AD07A1199133D00DF867A /* jcapimin.c */ = {isa = PBXFileReference; fileEncoding = 4; lastKnownFileType = sourcecode.c.c; name = jcapimin.c; path = ../Dependencies/libjpeg/jcapimin.c; sourceTree = SOURCE_ROOT; };
		565AD07B1199133D00DF867A /* jcapistd.c */ = {isa = PBXFileReference; fileEncoding = 4; lastKnownFileType = sourcecode.c.c; name = jcapistd.c; path = ../Dependencies/libjpeg/jcapistd.c; sourceTree = SOURCE_ROOT; };
		565AD07C1199133D00DF867A /* jccoefct.c */ = {isa = PBXFileReference; fileEncoding = 4; lastKnownFileType = sourcecode.c.c; name = jccoefct.c; path = ../Dependencies/libjpeg/jccoefct.c; sourceTree = SOURCE_ROOT; };
		565AD07D1199133D00DF867A /* jccolor.c */ = {isa = PBXFileReference; fileEncoding = 4; lastKnownFileType = sourcecode.c.c; name = jccolor.c; path = ../Dependencies/libjpeg/jccolor.c; sourceTree = SOURCE_ROOT; };
		565AD07E1199133D00DF867A /* jcdctmgr.c */ = {isa = PBXFileReference; fileEncoding = 4; lastKnownFileType = sourcecode.c.c; name = jcdctmgr.c; path = ../Dependencies/libjpeg/jcdctmgr.c; sourceTree = SOURCE_ROOT; };
		565AD07F1199133D00DF867A /* jchuff.c */ = {isa = PBXFileReference; fileEncoding = 4; lastKnownFileType = sourcecode.c.c; name = jchuff.c; path = ../Dependencies/libjpeg/jchuff.c; sourceTree = SOURCE_ROOT; };
		565AD0801199133D00DF867A /* jcinit.c */ = {isa = PBXFileReference; fileEncoding = 4; lastKnownFileType = sourcecode.c.c; name = jcinit.c; path = ../Dependencies/libjpeg/jcinit.c; sourceTree = SOURCE_ROOT; };
		565AD0811199133D00DF867A /* jcmainct.c */ = {isa = PBXFileReference; fileEncoding = 4; lastKnownFileType = sourcecode.c.c; name = jcmainct.c; path = ../Dependencies/libjpeg/jcmainct.c; sourceTree = SOURCE_ROOT; };
		565AD0821199133D00DF867A /* jcmarker.c */ = {isa = PBXFileReference; fileEncoding = 4; lastKnownFileType = sourcecode.c.c; name = jcmarker.c; path = ../Dependencies/libjpeg/jcmarker.c; sourceTree = SOURCE_ROOT; };
		565AD0831199133D00DF867A /* jcmaster.c */ = {isa = PBXFileReference; fileEncoding = 4; lastKnownFileType = sourcecode.c.c; name = jcmaster.c; path = ../Dependencies/libjpeg/jcmaster.c; sourceTree = SOURCE_ROOT; };
		565AD0841199133D00DF867A /* jcomapi.c */ = {isa = PBXFileReference; fileEncoding = 4; lastKnownFileType = sourcecode.c.c; name = jcomapi.c; path = ../Dependencies/libjpeg/jcomapi.c; sourceTree = SOURCE_ROOT; };
		565AD0851199133D00DF867A /* jcparam.c */ = {isa = PBXFileReference; fileEncoding = 4; lastKnownFileType = sourcecode.c.c; name = jcparam.c; path = ../Dependencies/libjpeg/jcparam.c; sourceTree = SOURCE_ROOT; };
		565AD0871199133D00DF867A /* jcprepct.c */ = {isa = PBXFileReference; fileEncoding = 4; lastKnownFileType = sourcecode.c.c; name = jcprepct.c; path = ../Dependencies/libjpeg/jcprepct.c; sourceTree = SOURCE_ROOT; };
		565AD0881199133D00DF867A /* jcsample.c */ = {isa = PBXFileReference; fileEncoding = 4; lastKnownFileType = sourcecode.c.c; name = jcsample.c; path = ../Dependencies/libjpeg/jcsample.c; sourceTree = SOURCE_ROOT; };
		565AD0891199133D00DF867A /* jdapimin.c */ = {isa = PBXFileReference; fileEncoding = 4; lastKnownFileType = sourcecode.c.c; name = jdapimin.c; path = ../Dependencies/libjpeg/jdapimin.c; sourceTree = SOURCE_ROOT; };
		565AD08A1199133D00DF867A /* jdapistd.c */ = {isa = PBXFileReference; fileEncoding = 4; lastKnownFileType = sourcecode.c.c; name = jdapistd.c; path = ../Dependencies/libjpeg/jdapistd.c; sourceTree = SOURCE_ROOT; };
		565AD08B1199133D00DF867A /* jdatadst.c */ = {isa = PBXFileReference; fileEncoding = 4; lastKnownFileType = sourcecode.c.c; name = jdatadst.c; path = ../Dependencies/libjpeg/jdatadst.c; sourceTree = SOURCE_ROOT; };
		565AD08C1199133D00DF867A /* jdatasrc.c */ = {isa = PBXFileReference; fileEncoding = 4; lastKnownFileType = sourcecode.c.c; name = jdatasrc.c; path = ../Dependencies/libjpeg/jdatasrc.c; sourceTree = SOURCE_ROOT; };
		565AD08D1199133D00DF867A /* jdcoefct.c */ = {isa = PBXFileReference; fileEncoding = 4; lastKnownFileType = sourcecode.c.c; name = jdcoefct.c; path = ../Dependencies/libjpeg/jdcoefct.c; sourceTree = SOURCE_ROOT; };
		565AD08E1199133D00DF867A /* jdcolor.c */ = {isa = PBXFileReference; fileEncoding = 4; lastKnownFileType = sourcecode.c.c; name = jdcolor.c; path = ../Dependencies/libjpeg/jdcolor.c; sourceTree = SOURCE_ROOT; };
		565AD08F1199133D00DF867A /* jddctmgr.c */ = {isa = PBXFileReference; fileEncoding = 4; lastKnownFileType = sourcecode.c.c; name = jddctmgr.c; path = ../Dependencies/libjpeg/jddctmgr.c; sourceTree = SOURCE_ROOT; };
		565AD0901199133D00DF867A /* jdhuff.c */ = {isa = PBXFileReference; fileEncoding = 4; lastKnownFileType = sourcecode.c.c; name = jdhuff.c; path = ../Dependencies/libjpeg/jdhuff.c; sourceTree = SOURCE_ROOT; };
		565AD0911199133D00DF867A /* jdinput.c */ = {isa = PBXFileReference; fileEncoding = 4; lastKnownFileType = sourcecode.c.c; name = jdinput.c; path = ../Dependencies/libjpeg/jdinput.c; sourceTree = SOURCE_ROOT; };
		565AD0921199133D00DF867A /* jdmainct.c */ = {isa = PBXFileReference; fileEncoding = 4; lastKnownFileType = sourcecode.c.c; name = jdmainct.c; path = ../Dependencies/libjpeg/jdmainct.c; sourceTree = SOURCE_ROOT; };
		565AD0931199133D00DF867A /* jdmarker.c */ = {isa = PBXFileReference; fileEncoding = 4; lastKnownFileType = sourcecode.c.c; name = jdmarker.c; path = ../Dependencies/libjpeg/jdmarker.c; sourceTree = SOURCE_ROOT; };
		565AD0941199133D00DF867A /* jdmaster.c */ = {isa = PBXFileReference; fileEncoding = 4; lastKnownFileType = sourcecode.c.c; name = jdmaster.c; path = ../Dependencies/libjpeg/jdmaster.c; sourceTree = SOURCE_ROOT; };
		565AD0951199133D00DF867A /* jdmerge.c */ = {isa = PBXFileReference; fileEncoding = 4; lastKnownFileType = sourcecode.c.c; name = jdmerge.c; path = ../Dependencies/libjpeg/jdmerge.c; sourceTree = SOURCE_ROOT; };
		565AD0971199133D00DF867A /* jdpostct.c */ = {isa = PBXFileReference; fileEncoding = 4; lastKnownFileType = sourcecode.c.c; name = jdpostct.c; path = ../Dependencies/libjpeg/jdpostct.c; sourceTree = SOURCE_ROOT; };
		565AD0981199133D00DF867A /* jdsample.c */ = {isa = PBXFileReference; fileEncoding = 4; lastKnownFileType = sourcecode.c.c; name = jdsample.c; path = ../Dependencies/libjpeg/jdsample.c; sourceTree = SOURCE_ROOT; };
		565AD0991199133D00DF867A /* jdtrans.c */ = {isa = PBXFileReference; fileEncoding = 4; lastKnownFileType = sourcecode.c.c; name = jdtrans.c; path = ../Dependencies/libjpeg/jdtrans.c; sourceTree = SOURCE_ROOT; };
		565AD09A1199133D00DF867A /* jerror.c */ = {isa = PBXFileReference; fileEncoding = 4; lastKnownFileType = sourcecode.c.c; name = jerror.c; path = ../Dependencies/libjpeg/jerror.c; sourceTree = SOURCE_ROOT; };
		565AD09B1199133D00DF867A /* jfdctflt.c */ = {isa = PBXFileReference; fileEncoding = 4; lastKnownFileType = sourcecode.c.c; name = jfdctflt.c; path = ../Dependencies/libjpeg/jfdctflt.c; sourceTree = SOURCE_ROOT; };
		565AD09C1199133D00DF867A /* jfdctfst.c */ = {isa = PBXFileReference; fileEncoding = 4; lastKnownFileType = sourcecode.c.c; name = jfdctfst.c; path = ../Dependencies/libjpeg/jfdctfst.c; sourceTree = SOURCE_ROOT; };
		565AD09D1199133D00DF867A /* jfdctint.c */ = {isa = PBXFileReference; fileEncoding = 4; lastKnownFileType = sourcecode.c.c; name = jfdctint.c; path = ../Dependencies/libjpeg/jfdctint.c; sourceTree = SOURCE_ROOT; };
		565AD09E1199133D00DF867A /* jidctflt.c */ = {isa = PBXFileReference; fileEncoding = 4; lastKnownFileType = sourcecode.c.c; name = jidctflt.c; path = ../Dependencies/libjpeg/jidctflt.c; sourceTree = SOURCE_ROOT; };
		565AD09F1199133D00DF867A /* jidctfst.c */ = {isa = PBXFileReference; fileEncoding = 4; lastKnownFileType = sourcecode.c.c; name = jidctfst.c; path = ../Dependencies/libjpeg/jidctfst.c; sourceTree = SOURCE_ROOT; };
		565AD0A01199133D00DF867A /* jidctint.c */ = {isa = PBXFileReference; fileEncoding = 4; lastKnownFileType = sourcecode.c.c; name = jidctint.c; path = ../Dependencies/libjpeg/jidctint.c; sourceTree = SOURCE_ROOT; };
		565AD0A21199133D00DF867A /* jmemmgr.c */ = {isa = PBXFileReference; fileEncoding = 4; lastKnownFileType = sourcecode.c.c; name = jmemmgr.c; path = ../Dependencies/libjpeg/jmemmgr.c; sourceTree = SOURCE_ROOT; };
		565AD0A31199133D00DF867A /* jmemnobs.c */ = {isa = PBXFileReference; fileEncoding = 4; lastKnownFileType = sourcecode.c.c; name = jmemnobs.c; path = ../Dependencies/libjpeg/jmemnobs.c; sourceTree = SOURCE_ROOT; };
		565AD0A41199133D00DF867A /* jquant1.c */ = {isa = PBXFileReference; fileEncoding = 4; lastKnownFileType = sourcecode.c.c; name = jquant1.c; path = ../Dependencies/libjpeg/jquant1.c; sourceTree = SOURCE_ROOT; };
		565AD0A51199133D00DF867A /* jquant2.c */ = {isa = PBXFileReference; fileEncoding = 4; lastKnownFileType = sourcecode.c.c; name = jquant2.c; path = ../Dependencies/libjpeg/jquant2.c; sourceTree = SOURCE_ROOT; };
		565AD0A61199133D00DF867A /* jutils.c */ = {isa = PBXFileReference; fileEncoding = 4; lastKnownFileType = sourcecode.c.c; name = jutils.c; path = ../Dependencies/libjpeg/jutils.c; sourceTree = SOURCE_ROOT; };
		565AD0D41199137000DF867A /* adler32.c */ = {isa = PBXFileReference; fileEncoding = 4; lastKnownFileType = sourcecode.c.c; name = adler32.c; path = ../Dependencies/zlib/adler32.c; sourceTree = SOURCE_ROOT; };
		565AD0D51199137000DF867A /* compress.c */ = {isa = PBXFileReference; fileEncoding = 4; lastKnownFileType = sourcecode.c.c; name = compress.c; path = ../Dependencies/zlib/compress.c; sourceTree = SOURCE_ROOT; };
		565AD0D61199137000DF867A /* crc32.c */ = {isa = PBXFileReference; fileEncoding = 4; lastKnownFileType = sourcecode.c.c; name = crc32.c; path = ../Dependencies/zlib/crc32.c; sourceTree = SOURCE_ROOT; };
		565AD0D71199137000DF867A /* deflate.c */ = {isa = PBXFileReference; fileEncoding = 4; lastKnownFileType = sourcecode.c.c; name = deflate.c; path = ../Dependencies/zlib/deflate.c; sourceTree = SOURCE_ROOT; };
		565AD0D91199137000DF867A /* infback.c */ = {isa = PBXFileReference; fileEncoding = 4; lastKnownFileType = sourcecode.c.c; name = infback.c; path = ../Dependencies/zlib/infback.c; sourceTree = SOURCE_ROOT; };
		565AD0DA1199137000DF867A /* inffast.c */ = {isa = PBXFileReference; fileEncoding = 4; lastKnownFileType = sourcecode.c.c; name = inffast.c; path = ../Dependencies/zlib/inffast.c; sourceTree = SOURCE_ROOT; };
		565AD0DB1199137000DF867A /* inflate.c */ = {isa = PBXFileReference; fileEncoding = 4; lastKnownFileType = sourcecode.c.c; name = inflate.c; path = ../Dependencies/zlib/inflate.c; sourceTree = SOURCE_ROOT; };
		565AD0DC1199137000DF867A /* inftrees.c */ = {isa = PBXFileReference; fileEncoding = 4; lastKnownFileType = sourcecode.c.c; name = inftrees.c; path = ../Dependencies/zlib/inftrees.c; sourceTree = SOURCE_ROOT; };
		565AD0DD1199137000DF867A /* trees.c */ = {isa = PBXFileReference; fileEncoding = 4; lastKnownFileType = sourcecode.c.c; name = trees.c; path = ../Dependencies/zlib/trees.c; sourceTree = SOURCE_ROOT; };
		565AD0DE1199137000DF867A /* uncompr.c */ = {isa = PBXFileReference; fileEncoding = 4; lastKnownFileType = sourcecode.c.c; name = uncompr.c; path = ../Dependencies/zlib/uncompr.c; sourceTree = SOURCE_ROOT; };
		565AD0DF1199137000DF867A /* zutil.c */ = {isa = PBXFileReference; fileEncoding = 4; lastKnownFileType = sourcecode.c.c; name = zutil.c; path = ../Dependencies/zlib/zutil.c; sourceTree = SOURCE_ROOT; };
		565AD0EC1199140000DF867A /* png.c */ = {isa = PBXFileReference; fileEncoding = 4; lastKnownFileType = sourcecode.c.c; name = png.c; path = ../Dependencies/libpng/png.c; sourceTree = SOURCE_ROOT; };
		565AD0ED1199140000DF867A /* pngerror.c */ = {isa = PBXFileReference; fileEncoding = 4; lastKnownFileType = sourcecode.c.c; name = pngerror.c; path = ../Dependencies/libpng/pngerror.c; sourceTree = SOURCE_ROOT; };
		565AD0EF1199140000DF867A /* pngget.c */ = {isa = PBXFileReference; fileEncoding = 4; lastKnownFileType = sourcecode.c.c; name = pngget.c; path = ../Dependencies/libpng/pngget.c; sourceTree = SOURCE_ROOT; };
		565AD0F01199140000DF867A /* pngmem.c */ = {isa = PBXFileReference; fileEncoding = 4; lastKnownFileType = sourcecode.c.c; name = pngmem.c; path = ../Dependencies/libpng/pngmem.c; sourceTree = SOURCE_ROOT; };
		565AD0F11199140000DF867A /* pngpread.c */ = {isa = PBXFileReference; fileEncoding = 4; lastKnownFileType = sourcecode.c.c; name = pngpread.c; path = ../Dependencies/libpng/pngpread.c; sourceTree = SOURCE_ROOT; };
		565AD0F21199140000DF867A /* pngread.c */ = {isa = PBXFileReference; fileEncoding = 4; lastKnownFileType = sourcecode.c.c; name = pngread.c; path = ../Dependencies/libpng/pngread.c; sourceTree = SOURCE_ROOT; };
		565AD0F31199140000DF867A /* pngrio.c */ = {isa = PBXFileReference; fileEncoding = 4; lastKnownFileType = sourcecode.c.c; name = pngrio.c; path = ../Dependencies/libpng/pngrio.c; sourceTree = SOURCE_ROOT; };
		565AD0F41199140000DF867A /* pngrtran.c */ = {isa = PBXFileReference; fileEncoding = 4; lastKnownFileType = sourcecode.c.c; name = pngrtran.c; path = ../Dependencies/libpng/pngrtran.c; sourceTree = SOURCE_ROOT; };
		565AD0F51199140000DF867A /* pngrutil.c */ = {isa = PBXFileReference; fileEncoding = 4; lastKnownFileType = sourcecode.c.c; name = pngrutil.c; path = ../Dependencies/libpng/pngrutil.c; sourceTree = SOURCE_ROOT; };
		565AD0F61199140000DF867A /* pngset.c */ = {isa = PBXFileReference; fileEncoding = 4; lastKnownFileType = sourcecode.c.c; name = pngset.c; path = ../Dependencies/libpng/pngset.c; sourceTree = SOURCE_ROOT; };
		565AD0F71199140000DF867A /* pngtrans.c */ = {isa = PBXFileReference; fileEncoding = 4; lastKnownFileType = sourcecode.c.c; name = pngtrans.c; path = ../Dependencies/libpng/pngtrans.c; sourceTree = SOURCE_ROOT; };
		565AD0F91199140000DF867A /* pngwio.c */ = {isa = PBXFileReference; fileEncoding = 4; lastKnownFileType = sourcecode.c.c; name = pngwio.c; path = ../Dependencies/libpng/pngwio.c; sourceTree = SOURCE_ROOT; };
		565AD0FA1199140000DF867A /* pngwrite.c */ = {isa = PBXFileReference; fileEncoding = 4; lastKnownFileType = sourcecode.c.c; name = pngwrite.c; path = ../Dependencies/libpng/pngwrite.c; sourceTree = SOURCE_ROOT; };
		565AD0FB1199140000DF867A /* pngwtran.c */ = {isa = PBXFileReference; fileEncoding = 4; lastKnownFileType = sourcecode.c.c; name = pngwtran.c; path = ../Dependencies/libpng/pngwtran.c; sourceTree = SOURCE_ROOT; };
		565AD0FC1199140000DF867A /* pngwutil.c */ = {isa = PBXFileReference; fileEncoding = 4; lastKnownFileType = sourcecode.c.c; name = pngwutil.c; path = ../Dependencies/libpng/pngwutil.c; sourceTree = SOURCE_ROOT; };
		565AD10E1199144400DF867A /* Carbon.framework */ = {isa = PBXFileReference; lastKnownFileType = wrapper.framework; name = Carbon.framework; path = System/Library/Frameworks/Carbon.framework; sourceTree = SDKROOT; };
		565AD1101199144400DF867A /* Cocoa.framework */ = {isa = PBXFileReference; lastKnownFileType = wrapper.framework; name = Cocoa.framework; path = System/Library/Frameworks/Cocoa.framework; sourceTree = SDKROOT; };
		565AD1121199144400DF867A /* IOKit.framework */ = {isa = PBXFileReference; lastKnownFileType = wrapper.framework; name = IOKit.framework; path = System/Library/Frameworks/IOKit.framework; sourceTree = SDKROOT; };
		565AD1141199144400DF867A /* OpenAL.framework */ = {isa = PBXFileReference; lastKnownFileType = wrapper.framework; name = OpenAL.framework; path = System/Library/Frameworks/OpenAL.framework; sourceTree = SDKROOT; };
		565AD1161199144400DF867A /* OpenGL.framework */ = {isa = PBXFileReference; lastKnownFileType = wrapper.framework; name = OpenGL.framework; path = System/Library/Frameworks/OpenGL.framework; sourceTree = SDKROOT; };
		565AD1231199145D00DF867A /* CoreFoundation.framework */ = {isa = PBXFileReference; lastKnownFileType = wrapper.framework; name = CoreFoundation.framework; path = System/Library/Frameworks/CoreFoundation.framework; sourceTree = SDKROOT; };
		565AD18D1199303700DF867A /* lugaru.icns */ = {isa = PBXFileReference; lastKnownFileType = image.icns; path = lugaru.icns; sourceTree = "<group>"; };
		56A5C950119BAF1B00822AF6 /* libSDL-1.2.0.dylib */ = {isa = PBXFileReference; lastKnownFileType = "compiled.mach-o.dylib"; name = "libSDL-1.2.0.dylib"; path = "../Dependencies/SDL12/lib/macosx/libSDL-1.2.0.dylib"; sourceTree = SOURCE_ROOT; };
		56A5C951119BAF1B00822AF6 /* libSDLmain-osx.a */ = {isa = PBXFileReference; lastKnownFileType = archive.ar; name = "libSDLmain-osx.a"; path = "../Dependencies/SDL12/lib/macosx/libSDLmain-osx.a"; sourceTree = SOURCE_ROOT; };
		56A5C95D119BB09D00822AF6 /* jaricom.c */ = {isa = PBXFileReference; fileEncoding = 4; lastKnownFileType = sourcecode.c.c; name = jaricom.c; path = ../Dependencies/libjpeg/jaricom.c; sourceTree = SOURCE_ROOT; };
		56A5C95E119BB09D00822AF6 /* jcarith.c */ = {isa = PBXFileReference; fileEncoding = 4; lastKnownFileType = sourcecode.c.c; name = jcarith.c; path = ../Dependencies/libjpeg/jcarith.c; sourceTree = SOURCE_ROOT; };
		56A5C95F119BB09D00822AF6 /* jdarith.c */ = {isa = PBXFileReference; fileEncoding = 4; lastKnownFileType = sourcecode.c.c; name = jdarith.c; path = ../Dependencies/libjpeg/jdarith.c; sourceTree = SOURCE_ROOT; };
		8D1107310486CEB800E47090 /* Lugaru-Info.plist */ = {isa = PBXFileReference; fileEncoding = 4; lastKnownFileType = text.plist.xml; path = "Lugaru-Info.plist"; sourceTree = "<group>"; };
		8D1107320486CEB800E47090 /* Lugaru.app */ = {isa = PBXFileReference; explicitFileType = wrapper.application; includeInIndex = 0; path = Lugaru.app; sourceTree = BUILT_PRODUCTS_DIR; };
/* End PBXFileReference section */

/* Begin PBXFrameworksBuildPhase section */
		8D11072E0486CEB800E47090 /* Frameworks */ = {
			isa = PBXFrameworksBuildPhase;
			buildActionMask = 2147483647;
			files = (
				565AD10F1199144400DF867A /* Carbon.framework in Frameworks */,
				565AD1111199144400DF867A /* Cocoa.framework in Frameworks */,
				565AD1131199144400DF867A /* IOKit.framework in Frameworks */,
				565AD1151199144400DF867A /* OpenAL.framework in Frameworks */,
				565AD1171199144400DF867A /* OpenGL.framework in Frameworks */,
				565AD1241199145D00DF867A /* CoreFoundation.framework in Frameworks */,
				56A5C952119BAF1B00822AF6 /* libSDL-1.2.0.dylib in Frameworks */,
				56A5C953119BAF1B00822AF6 /* libSDLmain-osx.a in Frameworks */,
			);
			runOnlyForDeploymentPostprocessing = 0;
		};
/* End PBXFrameworksBuildPhase section */

/* Begin PBXGroup section */
		1058C7A0FEA54F0111CA2CBB /* Linked Frameworks */ = {
			isa = PBXGroup;
			children = (
			);
			name = "Linked Frameworks";
			sourceTree = "<group>";
		};
		1058C7A2FEA54F0111CA2CBB /* Other Frameworks */ = {
			isa = PBXGroup;
			children = (
			);
			name = "Other Frameworks";
			sourceTree = "<group>";
		};
		19C28FACFE9D520D11CA2CBB /* Products */ = {
			isa = PBXGroup;
			children = (
				8D1107320486CEB800E47090 /* Lugaru.app */,
			);
			name = Products;
			sourceTree = "<group>";
		};
		29B97314FDCFA39411CA2CEA /* Lugaru */ = {
			isa = PBXGroup;
			children = (
				56B7BBB311990A5900D910BE /* Lugaru Sources */,
				565AD02F11990DC100DF867A /* Middleware */,
				29B97317FDCFA39411CA2CEA /* Resources */,
				29B97323FDCFA39411CA2CEA /* Frameworks */,
				19C28FACFE9D520D11CA2CBB /* Products */,
			);
			name = Lugaru;
			sourceTree = "<group>";
		};
		29B97317FDCFA39411CA2CEA /* Resources */ = {
			isa = PBXGroup;
			children = (
				565AD18D1199303700DF867A /* lugaru.icns */,
				8D1107310486CEB800E47090 /* Lugaru-Info.plist */,
			);
			name = Resources;
			sourceTree = "<group>";
		};
		29B97323FDCFA39411CA2CEA /* Frameworks */ = {
			isa = PBXGroup;
			children = (
				56A5C950119BAF1B00822AF6 /* libSDL-1.2.0.dylib */,
				56A5C951119BAF1B00822AF6 /* libSDLmain-osx.a */,
				1058C7A0FEA54F0111CA2CBB /* Linked Frameworks */,
				1058C7A2FEA54F0111CA2CBB /* Other Frameworks */,
				565AD10E1199144400DF867A /* Carbon.framework */,
				565AD1101199144400DF867A /* Cocoa.framework */,
				565AD1121199144400DF867A /* IOKit.framework */,
				565AD1141199144400DF867A /* OpenAL.framework */,
				565AD1161199144400DF867A /* OpenGL.framework */,
				565AD1231199145D00DF867A /* CoreFoundation.framework */,
			);
			name = Frameworks;
			sourceTree = "<group>";
		};
		565AD02F11990DC100DF867A /* Middleware */ = {
			isa = PBXGroup;
			children = (
				565AD03511990DEB00DF867A /* libvorbis */,
				565AD03411990DE400DF867A /* libogg */,
				565AD03311990DDD00DF867A /* GLU */,
				565AD03211990DD400DF867A /* libjpeg */,
				565AD03111990DCF00DF867A /* zlib */,
				565AD03011990DCA00DF867A /* libpng */,
			);
			name = Middleware;
			sourceTree = "<group>";
		};
		565AD03011990DCA00DF867A /* libpng */ = {
			isa = PBXGroup;
			children = (
				565AD0EC1199140000DF867A /* png.c */,
				565AD0ED1199140000DF867A /* pngerror.c */,
				565AD0EF1199140000DF867A /* pngget.c */,
				565AD0F01199140000DF867A /* pngmem.c */,
				565AD0F11199140000DF867A /* pngpread.c */,
				565AD0F21199140000DF867A /* pngread.c */,
				565AD0F31199140000DF867A /* pngrio.c */,
				565AD0F41199140000DF867A /* pngrtran.c */,
				565AD0F51199140000DF867A /* pngrutil.c */,
				565AD0F61199140000DF867A /* pngset.c */,
				565AD0F71199140000DF867A /* pngtrans.c */,
				565AD0F91199140000DF867A /* pngwio.c */,
				565AD0FA1199140000DF867A /* pngwrite.c */,
				565AD0FB1199140000DF867A /* pngwtran.c */,
				565AD0FC1199140000DF867A /* pngwutil.c */,
			);
			name = libpng;
			sourceTree = "<group>";
		};
		565AD03111990DCF00DF867A /* zlib */ = {
			isa = PBXGroup;
			children = (
				565AD0D41199137000DF867A /* adler32.c */,
				565AD0D51199137000DF867A /* compress.c */,
				565AD0D61199137000DF867A /* crc32.c */,
				565AD0D71199137000DF867A /* deflate.c */,
				565AD0D91199137000DF867A /* infback.c */,
				565AD0DA1199137000DF867A /* inffast.c */,
				565AD0DB1199137000DF867A /* inflate.c */,
				565AD0DC1199137000DF867A /* inftrees.c */,
				565AD0DD1199137000DF867A /* trees.c */,
				565AD0DE1199137000DF867A /* uncompr.c */,
				565AD0DF1199137000DF867A /* zutil.c */,
			);
			name = zlib;
			sourceTree = "<group>";
		};
		565AD03211990DD400DF867A /* libjpeg */ = {
			isa = PBXGroup;
			children = (
				56A5C95D119BB09D00822AF6 /* jaricom.c */,
				56A5C95E119BB09D00822AF6 /* jcarith.c */,
				56A5C95F119BB09D00822AF6 /* jdarith.c */,
				565AD07A1199133D00DF867A /* jcapimin.c */,
				565AD07B1199133D00DF867A /* jcapistd.c */,
				565AD07C1199133D00DF867A /* jccoefct.c */,
				565AD07D1199133D00DF867A /* jccolor.c */,
				565AD07E1199133D00DF867A /* jcdctmgr.c */,
				565AD07F1199133D00DF867A /* jchuff.c */,
				565AD0801199133D00DF867A /* jcinit.c */,
				565AD0811199133D00DF867A /* jcmainct.c */,
				565AD0821199133D00DF867A /* jcmarker.c */,
				565AD0831199133D00DF867A /* jcmaster.c */,
				565AD0841199133D00DF867A /* jcomapi.c */,
				565AD0851199133D00DF867A /* jcparam.c */,
				565AD0871199133D00DF867A /* jcprepct.c */,
				565AD0881199133D00DF867A /* jcsample.c */,
				565AD0891199133D00DF867A /* jdapimin.c */,
				565AD08A1199133D00DF867A /* jdapistd.c */,
				565AD08B1199133D00DF867A /* jdatadst.c */,
				565AD08C1199133D00DF867A /* jdatasrc.c */,
				565AD08D1199133D00DF867A /* jdcoefct.c */,
				565AD08E1199133D00DF867A /* jdcolor.c */,
				565AD08F1199133D00DF867A /* jddctmgr.c */,
				565AD0901199133D00DF867A /* jdhuff.c */,
				565AD0911199133D00DF867A /* jdinput.c */,
				565AD0921199133D00DF867A /* jdmainct.c */,
				565AD0931199133D00DF867A /* jdmarker.c */,
				565AD0941199133D00DF867A /* jdmaster.c */,
				565AD0951199133D00DF867A /* jdmerge.c */,
				565AD0971199133D00DF867A /* jdpostct.c */,
				565AD0981199133D00DF867A /* jdsample.c */,
				565AD0991199133D00DF867A /* jdtrans.c */,
				565AD09A1199133D00DF867A /* jerror.c */,
				565AD09B1199133D00DF867A /* jfdctflt.c */,
				565AD09C1199133D00DF867A /* jfdctfst.c */,
				565AD09D1199133D00DF867A /* jfdctint.c */,
				565AD09E1199133D00DF867A /* jidctflt.c */,
				565AD09F1199133D00DF867A /* jidctfst.c */,
				565AD0A01199133D00DF867A /* jidctint.c */,
				565AD0A21199133D00DF867A /* jmemmgr.c */,
				565AD0A31199133D00DF867A /* jmemnobs.c */,
				565AD0A41199133D00DF867A /* jquant1.c */,
				565AD0A51199133D00DF867A /* jquant2.c */,
				565AD0A61199133D00DF867A /* jutils.c */,
			);
			name = libjpeg;
			sourceTree = "<group>";
		};
		565AD03311990DDD00DF867A /* GLU */ = {
			isa = PBXGroup;
			children = (
				565AD06211990E7600DF867A /* dict.c */,
				565AD06311990E7600DF867A /* geom.c */,
				565AD06411990E7600DF867A /* memalloc.c */,
				565AD06511990E7600DF867A /* mesh.c */,
				565AD06611990E7600DF867A /* mipmap.c */,
				565AD06711990E7600DF867A /* normal.c */,
				565AD06811990E7600DF867A /* priorityq.c */,
				565AD06911990E7600DF867A /* render.c */,
				565AD06A11990E7600DF867A /* sweep.c */,
				565AD06B11990E7600DF867A /* tess.c */,
				565AD06C11990E7600DF867A /* tessmono.c */,
				565AD06D11990E7600DF867A /* util.c */,
			);
			name = GLU;
			sourceTree = "<group>";
		};
		565AD03411990DE400DF867A /* libogg */ = {
			isa = PBXGroup;
			children = (
				565AD05E11990E3C00DF867A /* bitwise.c */,
				565AD05F11990E3C00DF867A /* framing.c */,
			);
			name = libogg;
			sourceTree = "<group>";
		};
		565AD03511990DEB00DF867A /* libvorbis */ = {
			isa = PBXGroup;
			children = (
				565AD03611990E2A00DF867A /* analysis.c */,
				565AD03711990E2A00DF867A /* bitrate.c */,
				565AD03811990E2A00DF867A /* block.c */,
				565AD03911990E2A00DF867A /* codebook.c */,
				565AD03A11990E2A00DF867A /* envelope.c */,
				565AD03B11990E2A00DF867A /* floor0.c */,
				565AD03C11990E2A00DF867A /* floor1.c */,
				565AD03D11990E2A00DF867A /* info.c */,
				565AD03E11990E2A00DF867A /* lpc.c */,
				565AD03F11990E2A00DF867A /* lsp.c */,
				565AD04011990E2A00DF867A /* mapping0.c */,
				565AD04111990E2A00DF867A /* mdct.c */,
				565AD04211990E2A00DF867A /* psy.c */,
				565AD04311990E2A00DF867A /* registry.c */,
				565AD04411990E2A00DF867A /* res0.c */,
				565AD04511990E2A00DF867A /* sharedbook.c */,
				565AD04611990E2A00DF867A /* smallft.c */,
				565AD04711990E2A00DF867A /* synthesis.c */,
				565AD04811990E2A00DF867A /* vorbisfile.c */,
				565AD04911990E2A00DF867A /* window.c */,
			);
			name = libvorbis;
			sourceTree = "<group>";
		};
		56B7BBB311990A5900D910BE /* Lugaru Sources */ = {
			isa = PBXGroup;
			children = (
				565ACFF111990D7600DF867A /* Frustum.cpp */,
				565ACFF211990D7600DF867A /* GameDraw.cpp */,
				565ACFF311990D7600DF867A /* GameInitDispose.cpp */,
				565ACFF411990D7600DF867A /* GameTick.cpp */,
				565ACFF511990D7600DF867A /* Globals.cpp */,
				565ACFF611990D7600DF867A /* Lights.cpp */,
				565ACFF711990D7600DF867A /* MacCompatibility.cpp */,
				565ACFF811990D7600DF867A /* Models.cpp */,
				565ACFF911990D7600DF867A /* Objects.cpp */,
				565ACFFA11990D7600DF867A /* openal_wrapper.cpp */,
				565ACFFB11990D7600DF867A /* OpenGL_Windows.cpp */,
				565ACFFC11990D7600DF867A /* pack_private.c */,
				565ACFFD11990D7600DF867A /* pack.c */,
				565ACFFE11990D7600DF867A /* Person.cpp */,
				565ACFFF11990D7600DF867A /* private.c */,
				565AD00011990D7600DF867A /* Quaternions.cpp */,
				565AD00111990D7600DF867A /* Random.c */,
				565AD00211990D7600DF867A /* Skeleton.cpp */,
				565AD00311990D7600DF867A /* Skybox.cpp */,
				565AD00411990D7600DF867A /* Sprites.cpp */,
				565AD00511990D7600DF867A /* Terrain.cpp */,
				565AD00611990D7600DF867A /* Text.cpp */,
				565AD00711990D7600DF867A /* TGALoader.cpp */,
				565AD00811990D7600DF867A /* unpack_private.c */,
				565AD00911990D7600DF867A /* unpack.c */,
				565AD00A11990D7600DF867A /* Weapons.cpp */,
				565AD00B11990D7600DF867A /* WinInput.cpp */,
			);
			name = "Lugaru Sources";
			sourceTree = "<group>";
		};
/* End PBXGroup section */

/* Begin PBXNativeTarget section */
		8D1107260486CEB800E47090 /* Lugaru */ = {
			isa = PBXNativeTarget;
			buildConfigurationList = C01FCF4A08A954540054247B /* Build configuration list for PBXNativeTarget "Lugaru" */;
			buildPhases = (
				8D1107290486CEB800E47090 /* Resources */,
				8D11072C0486CEB800E47090 /* Sources */,
				8D11072E0486CEB800E47090 /* Frameworks */,
			);
			buildRules = (
			);
			dependencies = (
			);
			name = Lugaru;
			productInstallPath = "$(HOME)/Applications";
			productName = Lugaru;
			productReference = 8D1107320486CEB800E47090 /* Lugaru.app */;
			productType = "com.apple.product-type.application";
		};
/* End PBXNativeTarget section */

/* Begin PBXProject section */
		29B97313FDCFA39411CA2CEA /* Project object */ = {
			isa = PBXProject;
			attributes = {
				ORGANIZATIONNAME = Wolfire;
			};
			buildConfigurationList = C01FCF4E08A954540054247B /* Build configuration list for PBXProject "Lugaru" */;
			compatibilityVersion = "Xcode 3.2";
			hasScannedForEncodings = 1;
			mainGroup = 29B97314FDCFA39411CA2CEA /* Lugaru */;
			projectDirPath = "";
			projectRoot = "";
			targets = (
				8D1107260486CEB800E47090 /* Lugaru */,
			);
		};
/* End PBXProject section */

/* Begin PBXResourcesBuildPhase section */
		8D1107290486CEB800E47090 /* Resources */ = {
			isa = PBXResourcesBuildPhase;
			buildActionMask = 2147483647;
			files = (
				565AD18E1199303700DF867A /* lugaru.icns in Resources */,
			);
			runOnlyForDeploymentPostprocessing = 0;
		};
/* End PBXResourcesBuildPhase section */

/* Begin PBXSourcesBuildPhase section */
		8D11072C0486CEB800E47090 /* Sources */ = {
			isa = PBXSourcesBuildPhase;
			buildActionMask = 2147483647;
			files = (
				565AD00C11990D7600DF867A /* Frustum.cpp in Sources */,
				565AD00D11990D7600DF867A /* GameDraw.cpp in Sources */,
				565AD00E11990D7600DF867A /* GameInitDispose.cpp in Sources */,
				565AD00F11990D7600DF867A /* GameTick.cpp in Sources */,
				565AD01011990D7600DF867A /* Globals.cpp in Sources */,
				565AD01111990D7600DF867A /* Lights.cpp in Sources */,
				565AD01211990D7600DF867A /* MacCompatibility.cpp in Sources */,
				565AD01311990D7600DF867A /* Models.cpp in Sources */,
				565AD01411990D7600DF867A /* Objects.cpp in Sources */,
				565AD01511990D7600DF867A /* openal_wrapper.cpp in Sources */,
				565AD01611990D7600DF867A /* OpenGL_Windows.cpp in Sources */,
				565AD01711990D7600DF867A /* pack_private.c in Sources */,
				565AD01811990D7600DF867A /* pack.c in Sources */,
				565AD01911990D7600DF867A /* Person.cpp in Sources */,
				565AD01A11990D7600DF867A /* private.c in Sources */,
				565AD01B11990D7600DF867A /* Quaternions.cpp in Sources */,
				565AD01C11990D7600DF867A /* Random.c in Sources */,
				565AD01D11990D7600DF867A /* Skeleton.cpp in Sources */,
				565AD01E11990D7600DF867A /* Skybox.cpp in Sources */,
				565AD01F11990D7600DF867A /* Sprites.cpp in Sources */,
				565AD02011990D7600DF867A /* Terrain.cpp in Sources */,
				565AD02111990D7600DF867A /* Text.cpp in Sources */,
				565AD02211990D7600DF867A /* TGALoader.cpp in Sources */,
				565AD02311990D7600DF867A /* unpack_private.c in Sources */,
				565AD02411990D7600DF867A /* unpack.c in Sources */,
				565AD02511990D7600DF867A /* Weapons.cpp in Sources */,
				565AD02611990D7600DF867A /* WinInput.cpp in Sources */,
				565AD04A11990E2A00DF867A /* analysis.c in Sources */,
				565AD04B11990E2A00DF867A /* bitrate.c in Sources */,
				565AD04C11990E2A00DF867A /* block.c in Sources */,
				565AD04D11990E2A00DF867A /* codebook.c in Sources */,
				565AD04E11990E2A00DF867A /* envelope.c in Sources */,
				565AD04F11990E2A00DF867A /* floor0.c in Sources */,
				565AD05011990E2A00DF867A /* floor1.c in Sources */,
				565AD05111990E2A00DF867A /* info.c in Sources */,
				565AD05211990E2A00DF867A /* lpc.c in Sources */,
				565AD05311990E2A00DF867A /* lsp.c in Sources */,
				565AD05411990E2A00DF867A /* mapping0.c in Sources */,
				565AD05511990E2A00DF867A /* mdct.c in Sources */,
				565AD05611990E2A00DF867A /* psy.c in Sources */,
				565AD05711990E2A00DF867A /* registry.c in Sources */,
				565AD05811990E2A00DF867A /* res0.c in Sources */,
				565AD05911990E2A00DF867A /* sharedbook.c in Sources */,
				565AD05A11990E2A00DF867A /* smallft.c in Sources */,
				565AD05B11990E2A00DF867A /* synthesis.c in Sources */,
				565AD05C11990E2A00DF867A /* vorbisfile.c in Sources */,
				565AD05D11990E2A00DF867A /* window.c in Sources */,
				565AD06011990E3C00DF867A /* bitwise.c in Sources */,
				565AD06111990E3C00DF867A /* framing.c in Sources */,
				565AD06E11990E7600DF867A /* dict.c in Sources */,
				565AD06F11990E7600DF867A /* geom.c in Sources */,
				565AD07011990E7600DF867A /* memalloc.c in Sources */,
				565AD07111990E7600DF867A /* mesh.c in Sources */,
				565AD07211990E7600DF867A /* mipmap.c in Sources */,
				565AD07311990E7600DF867A /* normal.c in Sources */,
				565AD07411990E7600DF867A /* priorityq.c in Sources */,
				565AD07511990E7600DF867A /* render.c in Sources */,
				565AD07611990E7600DF867A /* sweep.c in Sources */,
				565AD07711990E7600DF867A /* tess.c in Sources */,
				565AD07811990E7600DF867A /* tessmono.c in Sources */,
				565AD07911990E7600DF867A /* util.c in Sources */,
				565AD0A71199133D00DF867A /* jcapimin.c in Sources */,
				565AD0A81199133D00DF867A /* jcapistd.c in Sources */,
				565AD0A91199133D00DF867A /* jccoefct.c in Sources */,
				565AD0AA1199133D00DF867A /* jccolor.c in Sources */,
				565AD0AB1199133D00DF867A /* jcdctmgr.c in Sources */,
				565AD0AC1199133D00DF867A /* jchuff.c in Sources */,
				565AD0AD1199133D00DF867A /* jcinit.c in Sources */,
				565AD0AE1199133D00DF867A /* jcmainct.c in Sources */,
				565AD0AF1199133D00DF867A /* jcmarker.c in Sources */,
				565AD0B01199133D00DF867A /* jcmaster.c in Sources */,
				565AD0B11199133D00DF867A /* jcomapi.c in Sources */,
				565AD0B21199133D00DF867A /* jcparam.c in Sources */,
				565AD0B41199133D00DF867A /* jcprepct.c in Sources */,
				565AD0B51199133D00DF867A /* jcsample.c in Sources */,
				565AD0B61199133D00DF867A /* jdapimin.c in Sources */,
				565AD0B71199133D00DF867A /* jdapistd.c in Sources */,
				565AD0B81199133D00DF867A /* jdatadst.c in Sources */,
				565AD0B91199133D00DF867A /* jdatasrc.c in Sources */,
				565AD0BA1199133D00DF867A /* jdcoefct.c in Sources */,
				565AD0BB1199133D00DF867A /* jdcolor.c in Sources */,
				565AD0BC1199133D00DF867A /* jddctmgr.c in Sources */,
				565AD0BD1199133D00DF867A /* jdhuff.c in Sources */,
				565AD0BE1199133D00DF867A /* jdinput.c in Sources */,
				565AD0BF1199133D00DF867A /* jdmainct.c in Sources */,
				565AD0C01199133D00DF867A /* jdmarker.c in Sources */,
				565AD0C11199133D00DF867A /* jdmaster.c in Sources */,
				565AD0C21199133D00DF867A /* jdmerge.c in Sources */,
				565AD0C41199133D00DF867A /* jdpostct.c in Sources */,
				565AD0C51199133D00DF867A /* jdsample.c in Sources */,
				565AD0C61199133D00DF867A /* jdtrans.c in Sources */,
				565AD0C71199133D00DF867A /* jerror.c in Sources */,
				565AD0C81199133D00DF867A /* jfdctflt.c in Sources */,
				565AD0C91199133D00DF867A /* jfdctfst.c in Sources */,
				565AD0CA1199133D00DF867A /* jfdctint.c in Sources */,
				565AD0CB1199133D00DF867A /* jidctflt.c in Sources */,
				565AD0CC1199133D00DF867A /* jidctfst.c in Sources */,
				565AD0CD1199133D00DF867A /* jidctint.c in Sources */,
				565AD0CF1199133D00DF867A /* jmemmgr.c in Sources */,
				565AD0D01199133D00DF867A /* jmemnobs.c in Sources */,
				565AD0D11199133D00DF867A /* jquant1.c in Sources */,
				565AD0D21199133D00DF867A /* jquant2.c in Sources */,
				565AD0D31199133D00DF867A /* jutils.c in Sources */,
				565AD0E01199137000DF867A /* adler32.c in Sources */,
				565AD0E11199137000DF867A /* compress.c in Sources */,
				565AD0E21199137000DF867A /* crc32.c in Sources */,
				565AD0E31199137000DF867A /* deflate.c in Sources */,
				565AD0E51199137000DF867A /* infback.c in Sources */,
				565AD0E61199137000DF867A /* inffast.c in Sources */,
				565AD0E71199137000DF867A /* inflate.c in Sources */,
				565AD0E81199137000DF867A /* inftrees.c in Sources */,
				565AD0E91199137000DF867A /* trees.c in Sources */,
				565AD0EA1199137000DF867A /* uncompr.c in Sources */,
				565AD0EB1199137000DF867A /* zutil.c in Sources */,
				565AD0FD1199140000DF867A /* png.c in Sources */,
				565AD0FE1199140000DF867A /* pngerror.c in Sources */,
				565AD1001199140000DF867A /* pngget.c in Sources */,
				565AD1011199140000DF867A /* pngmem.c in Sources */,
				565AD1021199140000DF867A /* pngpread.c in Sources */,
				565AD1031199140000DF867A /* pngread.c in Sources */,
				565AD1041199140000DF867A /* pngrio.c in Sources */,
				565AD1051199140000DF867A /* pngrtran.c in Sources */,
				565AD1061199140000DF867A /* pngrutil.c in Sources */,
				565AD1071199140000DF867A /* pngset.c in Sources */,
				565AD1081199140000DF867A /* pngtrans.c in Sources */,
				565AD10A1199140000DF867A /* pngwio.c in Sources */,
				565AD10B1199140000DF867A /* pngwrite.c in Sources */,
				565AD10C1199140000DF867A /* pngwtran.c in Sources */,
				565AD10D1199140000DF867A /* pngwutil.c in Sources */,
				56A5C960119BB09D00822AF6 /* jaricom.c in Sources */,
				56A5C961119BB09D00822AF6 /* jcarith.c in Sources */,
				56A5C962119BB09D00822AF6 /* jdarith.c in Sources */,
			);
			runOnlyForDeploymentPostprocessing = 0;
		};
/* End PBXSourcesBuildPhase section */

/* Begin XCBuildConfiguration section */
		C01FCF4B08A954540054247B /* Debug */ = {
			isa = XCBuildConfiguration;
			buildSettings = {
				ALWAYS_SEARCH_USER_PATHS = NO;
				COPY_PHASE_STRIP = NO;
				GCC_DYNAMIC_NO_PIC = NO;
				GCC_ENABLE_FIX_AND_CONTINUE = YES;
				GCC_MODEL_TUNING = G5;
				GCC_OPTIMIZATION_LEVEL = 0;
				GCC_PRECOMPILE_PREFIX_HEADER = NO;
				INFOPLIST_FILE = "Lugaru-Info.plist";
				INSTALL_PATH = "$(HOME)/Applications";
				LIBRARY_SEARCH_PATHS = (
					"$(inherited)",
					"\"$(SRCROOT)/..\"",
					"\"$(SRCROOT)/../Dependencies/SDL12/lib/macosx\"",
				);
				PRODUCT_NAME = Lugaru;
			};
			name = Debug;
		};
		C01FCF4C08A954540054247B /* Release */ = {
			isa = XCBuildConfiguration;
			buildSettings = {
				ALWAYS_SEARCH_USER_PATHS = NO;
				DEBUG_INFORMATION_FORMAT = "dwarf-with-dsym";
				GCC_MODEL_TUNING = G5;
				GCC_PRECOMPILE_PREFIX_HEADER = NO;
				INFOPLIST_FILE = "Lugaru-Info.plist";
				INSTALL_PATH = "$(HOME)/Applications";
				LIBRARY_SEARCH_PATHS = (
					"$(inherited)",
					"\"$(SRCROOT)/..\"",
					"\"$(SRCROOT)/../Dependencies/SDL12/lib/macosx\"",
				);
				PRODUCT_NAME = Lugaru;
			};
			name = Release;
		};
		C01FCF4F08A954540054247B /* Debug */ = {
			isa = XCBuildConfiguration;
			buildSettings = {
				ARCHS = "$(ARCHS_STANDARD_32_64_BIT)";
				GCC_C_LANGUAGE_STANDARD = gnu99;
				GCC_OPTIMIZATION_LEVEL = 0;
				GCC_PREPROCESSOR_DEFINITIONS = (
					"USE_SDL=1",
					"USE_OPENAL=1",
					"PLATFORM_UNIX=1",
					"BinIO_STDINT_HEADER='<stdint.h>'",
					"stricmp=strcasecmp",
					"FALSE=0",
					"TRUE=1",
					"Z_PREFIX=1",
				);
				GCC_VERSION = com.apple.compilers.llvm.clang.1_0;
				GCC_WARN_ABOUT_RETURN_TYPE = YES;
				GCC_WARN_UNUSED_VARIABLE = YES;
				HEADER_SEARCH_PATHS = (
					"$(SRCROOT)/..",
					"$(SRCROOT)/../Dependencies/SDL12/include",
					"$(SRCROOT)/../Dependencies/OpenGL",
					"$(SRCROOT)/../Dependencies/OpenGL/GL",
					"$(SRCROOT)/../Dependencies/zlib",
					"$(SRCROOT)/../Dependencies/libpng",
					"$(SRCROOT)/../Dependencies/libjpeg",
					"$(SRCROOT)/../Dependencies/OpenAL/include/AL",
					"$(SRCROOT)/../Dependencies/libogg/include",
					"$(SRCROOT)/../Dependencies/libvorbis/include",
				);
				ONLY_ACTIVE_ARCH = YES;
				PREBINDING = NO;
				SDKROOT = macosx10.6;
				VALID_ARCHS = "i386 ppc ppc7400 ppc970 x86_64";
			};
			name = Debug;
		};
		C01FCF5008A954540054247B /* Release */ = {
			isa = XCBuildConfiguration;
			buildSettings = {
				ARCHS = "$(ARCHS_STANDARD_32_64_BIT)";
				GCC_C_LANGUAGE_STANDARD = gnu99;
				GCC_PREPROCESSOR_DEFINITIONS = (
					"USE_SDL=1",
					"USE_OPENAL=1",
					"PLATFORM_UNIX=1",
					"BinIO_STDINT_HEADER='<stdint.h>'",
					"stricmp=strcasecmp",
					"FALSE=0",
					"TRUE=1",
					"Z_PREFIX=1",
				);
				GCC_VERSION = com.apple.compilers.llvm.clang.1_0;
				GCC_WARN_ABOUT_RETURN_TYPE = YES;
				GCC_WARN_UNUSED_VARIABLE = YES;
				HEADER_SEARCH_PATHS = (
					"$(SRCROOT)/..",
					"$(SRCROOT)/../Dependencies/SDL12/include",
					"$(SRCROOT)/../Dependencies/OpenGL",
					"$(SRCROOT)/../Dependencies/OpenGL/GL",
					"$(SRCROOT)/../Dependencies/zlib",
					"$(SRCROOT)/../Dependencies/libpng",
					"$(SRCROOT)/../Dependencies/libjpeg",
					"$(SRCROOT)/../Dependencies/OpenAL/include/AL",
					"$(SRCROOT)/../Dependencies/libogg/include",
					"$(SRCROOT)/../Dependencies/libvorbis/include",
				);
				PREBINDING = NO;
				SDKROOT = macosx10.6;
				VALID_ARCHS = "i386 ppc ppc7400 ppc970 x86_64";
			};
			name = Release;
		};
/* End XCBuildConfiguration section */

/* Begin XCConfigurationList section */
		C01FCF4A08A954540054247B /* Build configuration list for PBXNativeTarget "Lugaru" */ = {
			isa = XCConfigurationList;
			buildConfigurations = (
				C01FCF4B08A954540054247B /* Debug */,
				C01FCF4C08A954540054247B /* Release */,
			);
			defaultConfigurationIsVisible = 0;
			defaultConfigurationName = Release;
		};
		C01FCF4E08A954540054247B /* Build configuration list for PBXProject "Lugaru" */ = {
			isa = XCConfigurationList;
			buildConfigurations = (
				C01FCF4F08A954540054247B /* Debug */,
				C01FCF5008A954540054247B /* Release */,
			);
			defaultConfigurationIsVisible = 0;
			defaultConfigurationName = Release;
		};
/* End XCConfigurationList section */
	};
	rootObject = 29B97313FDCFA39411CA2CEA /* Project object */;
}
